// !$*UTF8*$!
{
	archiveVersion = 1;
	classes = {
	};
	objectVersion = 46;
	objects = {

/* Begin PBXBuildFile section */
		CB9B810E1B0A211B00D41E8F /* main.cpp in Sources */ = {isa = PBXBuildFile; fileRef = CB9B810D1B0A211B00D41E8F /* main.cpp */; };
/* End PBXBuildFile section */

/* Begin PBXCopyFilesBuildPhase section */
		CB9B81081B0A211B00D41E8F /* CopyFiles */ = {
			isa = PBXCopyFilesBuildPhase;
			buildActionMask = 2147483647;
			dstPath = /usr/share/man/man1/;
			dstSubfolderSpec = 0;
			files = (
			);
			runOnlyForDeploymentPostprocessing = 1;
		};
/* End PBXCopyFilesBuildPhase section */

/* Begin PBXFileReference section */
		CB9B810A1B0A211B00D41E8F /* DataMunging */ = {isa = PBXFileReference; explicitFileType = "compiled.mach-o.executable"; includeInIndex = 0; path = DataMunging; sourceTree = BUILT_PRODUCTS_DIR; };
		CB9B810D1B0A211B00D41E8F /* main.cpp */ = {isa = PBXFileReference; lastKnownFileType = sourcecode.cpp.cpp; path = main.cpp; sourceTree = "<group>"; };
		CB9B81141B0A21F300D41E8F /* football.txt */ = {isa = PBXFileReference; fileEncoding = 4; lastKnownFileType = text; path = football.txt; sourceTree = "<group>"; };
		CB9B81151B0A21FA00D41E8F /* weather.txt */ = {isa = PBXFileReference; fileEncoding = 4; lastKnownFileType = text; path = weather.txt; sourceTree = "<group>"; };
/* End PBXFileReference section */

/* Begin PBXFrameworksBuildPhase section */
		CB9B81071B0A211B00D41E8F /* Frameworks */ = {
			isa = PBXFrameworksBuildPhase;
			buildActionMask = 2147483647;
			files = (
			);
			runOnlyForDeploymentPostprocessing = 0;
		};
/* End PBXFrameworksBuildPhase section */

/* Begin PBXGroup section */
		CB9B81011B0A211B00D41E8F = {
			isa = PBXGroup;
			children = (
				CB9B810C1B0A211B00D41E8F /* DataMunging */,
				CB9B810B1B0A211B00D41E8F /* Products */,
			);
			sourceTree = "<group>";
		};
		CB9B810B1B0A211B00D41E8F /* Products */ = {
			isa = PBXGroup;
			children = (
				CB9B810A1B0A211B00D41E8F /* DataMunging */,
			);
			name = Products;
			sourceTree = "<group>";
		};
		CB9B810C1B0A211B00D41E8F /* DataMunging */ = {
			isa = PBXGroup;
			children = (
				CB9B81151B0A21FA00D41E8F /* weather.txt */,
				CB9B81141B0A21F300D41E8F /* football.txt */,
				CB9B810D1B0A211B00D41E8F /* main.cpp */,
			);
			path = DataMunging;
			sourceTree = "<group>";
		};
/* End PBXGroup section */

/* Begin PBXNativeTarget section */
		CB9B81091B0A211B00D41E8F /* DataMunging */ = {
			isa = PBXNativeTarget;
			buildConfigurationList = CB9B81111B0A211B00D41E8F /* Build configuration list for PBXNativeTarget "DataMunging" */;
			buildPhases = (
				CB9B81061B0A211B00D41E8F /* Sources */,
				CB9B81071B0A211B00D41E8F /* Frameworks */,
				CB9B81081B0A211B00D41E8F /* CopyFiles */,
			);
			buildRules = (
			);
			dependencies = (
			);
			name = DataMunging;
			productName = DataMunging;
			productReference = CB9B810A1B0A211B00D41E8F /* DataMunging */;
			productType = "com.apple.product-type.tool";
		};
/* End PBXNativeTarget section */

/* Begin PBXProject section */
		CB9B81021B0A211B00D41E8F /* Project object */ = {
			isa = PBXProject;
			attributes = {
				LastUpgradeCheck = 0630;
				ORGANIZATIONNAME = "Prateek Khandelwal";
				TargetAttributes = {
					CB9B81091B0A211B00D41E8F = {
						CreatedOnToolsVersion = 6.3;
					};
				};
			};
			buildConfigurationList = CB9B81051B0A211B00D41E8F /* Build configuration list for PBXProject "DataMunging" */;
			compatibilityVersion = "Xcode 3.2";
			developmentRegion = English;
			hasScannedForEncodings = 0;
			knownRegions = (
				en,
			);
			mainGroup = CB9B81011B0A211B00D41E8F;
			productRefGroup = CB9B810B1B0A211B00D41E8F /* Products */;
			projectDirPath = "";
			projectRoot = "";
			targets = (
				CB9B81091B0A211B00D41E8F /* DataMunging */,
			);
		};
/* End PBXProject section */

/* Begin PBXSourcesBuildPhase section */
		CB9B81061B0A211B00D41E8F /* Sources */ = {
			isa = PBXSourcesBuildPhase;
			buildActionMask = 2147483647;
			files = (
				CB9B810E1B0A211B00D41E8F /* main.cpp in Sources */,
			);
			runOnlyForDeploymentPostprocessing = 0;
		};
/* End PBXSourcesBuildPhase section */

/* Begin XCBuildConfiguration section */
		CB9B810F1B0A211B00D41E8F /* Debug */ = {
			isa = XCBuildConfiguration;
			buildSettings = {
				ALWAYS_SEARCH_USER_PATHS = NO;
				CLANG_CXX_LANGUAGE_STANDARD = "gnu++0x";
				CLANG_CXX_LIBRARY = "libc++";
				CLANG_ENABLE_MODULES = YES;
				CLANG_ENABLE_OBJC_ARC = YES;
				CLANG_WARN_BOOL_CONVERSION = YES;
				CLANG_WARN_CONSTANT_CONVERSION = YES;
				CLANG_WARN_DIRECT_OBJC_ISA_USAGE = YES_ERROR;
				CLANG_WARN_EMPTY_BODY = YES;
				CLANG_WARN_ENUM_CONVERSION = YES;
				CLANG_WARN_INT_CONVERSION = YES;
				CLANG_WARN_OBJC_ROOT_CLASS = YES_ERROR;
				CLANG_WARN_UNREACHABLE_CODE = YES;
				CLANG_WARN__DUPLICATE_METHOD_MATCH = YES;
				COPY_PHASE_STRIP = NO;
				DEBUG_INFORMATION_FORMAT = dwarf;
				ENABLE_STRICT_OBJC_MSGSEND = YES;
				GCC_C_LANGUAGE_STANDARD = gnu99;
				GCC_DYNAMIC_NO_PIC = NO;
				GCC_NO_COMMON_BLOCKS = YES;
				GCC_OPTIMIZATION_LEVEL = 0;
				GCC_PREPROCESSOR_DEFINITIONS = (
					"DEBUG=1",
					"$(inherited)",
				);
				GCC_SYMBOLS_PRIVATE_EXTERN = NO;
				GCC_WARN_64_TO_32_BIT_CONVERSION = YES;
				GCC_WARN_ABOUT_RETURN_TYPE = YES_ERROR;
				GCC_WARN_UNDECLARED_SELECTOR = YES;
				GCC_WARN_UNINITIALIZED_AUTOS = YES_AGGRESSIVE;
				GCC_WARN_UNUSED_FUNCTION = YES;
				GCC_WARN_UNUSED_VARIABLE = YES;
				MACOSX_DEPLOYMENT_TARGET = 10.10;
				MTL_ENABLE_DEBUG_INFO = YES;
				ONLY_ACTIVE_ARCH = YES;
				SDKROOT = macosx;
			};
			name = Debug;
		};
		CB9B81101B0A211B00D41E8F /* Release */ = {
			isa = XCBuildConfiguration;
			buildSettings = {
				ALWAYS_SEARCH_USER_PATHS = NO;
				CLANG_CXX_LANGUAGE_STANDARD = "gnu++0x";
				CLANG_CXX_LIBRARY = "libc++";
				CLANG_ENABLE_MODULES = YES;
				CLANG_ENABLE_OBJC_ARC = YES;
				CLANG_WARN_BOOL_CONVERSION = YES;
				CLANG_WARN_CONSTANT_CONVERSION = YES;
				CLANG_WARN_DIRECT_OBJC_ISA_USAGE = YES_ERROR;
				CLANG_WARN_EMPTY_BODY = YES;
				CLANG_WARN_ENUM_CONVERSION = YES;
				CLANG_WARN_INT_CONVERSION = YES;
				CLANG_WARN_OBJC_ROOT_CLASS = YES_ERROR;
				CLANG_WARN_UNREACHABLE_CODE = YES;
				CLANG_WARN__DUPLICATE_METHOD_MATCH = YES;
				COPY_PHASE_STRIP = NO;
				DEBUG_INFORMATION_FORMAT = "dwarf-with-dsym";
				ENABLE_NS_ASSERTIONS = NO;
				ENABLE_STRICT_OBJC_MSGSEND = YES;
				GCC_C_LANGUAGE_STANDARD = gnu99;
				GCC_NO_COMMON_BLOCKS = YES;
				GCC_WARN_64_TO_32_BIT_CONVERSION = YES;
				GCC_WARN_ABOUT_RETURN_TYPE = YES_ERROR;
				GCC_WARN_UNDECLARED_SELECTOR = YES;
				GCC_WARN_UNINITIALIZED_AUTOS = YES_AGGRESSIVE;
				GCC_WARN_UNUSED_FUNCTION = YES;
				GCC_WARN_UNUSED_VARIABLE = YES;
				MACOSX_DEPLOYMENT_TARGET = 10.10;
				MTL_ENABLE_DEBUG_INFO = NO;
				SDKROOT = macosx;
			};
			name = Release;
		};
		CB9B81121B0A211B00D41E8F /* Debug */ = {
			isa = XCBuildConfiguration;
			buildSettings = {
				PRODUCT_NAME = "$(TARGET_NAME)";
			};
			name = Debug;
		};
		CB9B81131B0A211B00D41E8F /* Release */ = {
			isa = XCBuildConfiguration;
			buildSettings = {
				PRODUCT_NAME = "$(TARGET_NAME)";
			};
			name = Release;
		};
/* End XCBuildConfiguration section */

/* Begin XCConfigurationList section */
		CB9B81051B0A211B00D41E8F /* Build configuration list for PBXProject "DataMunging" */ = {
			isa = XCConfigurationList;
			buildConfigurations = (
				CB9B810F1B0A211B00D41E8F /* Debug */,
				CB9B81101B0A211B00D41E8F /* Release */,
			);
			defaultConfigurationIsVisible = 0;
			defaultConfigurationName = Release;
		};
		CB9B81111B0A211B00D41E8F /* Build configuration list for PBXNativeTarget "DataMunging" */ = {
			isa = XCConfigurationList;
			buildConfigurations = (
				CB9B81121B0A211B00D41E8F /* Debug */,
				CB9B81131B0A211B00D41E8F /* Release */,
			);
			defaultConfigurationIsVisible = 0;
		};
/* End XCConfigurationList section */
	};
	rootObject = CB9B81021B0A211B00D41E8F /* Project object */;
}
