// !$*UTF8*$!
{
	archiveVersion = 1;
	classes = {
	};
	objectVersion = 46;
	objects = {

/* Begin PBXBuildFile section */
		B36A57F10EBE3639751276C6 /* libPods.a in Frameworks */ = {isa = PBXBuildFile; fileRef = 0DDFB7C90873A3EB58D9A41F /* libPods.a */; };
		CB0DCB061B2846DE00DD4E35 /* NSArray+PermutationAdditions.m in Sources */ = {isa = PBXBuildFile; fileRef = CB0DCB051B2846DE00DD4E35 /* NSArray+PermutationAdditions.m */; };
		CB7C51221B0C9CF5005DDA77 /* AppDelegate.m in Sources */ = {isa = PBXBuildFile; fileRef = CB7C51211B0C9CF5005DDA77 /* AppDelegate.m */; };
		CB7C51241B0C9CF5005DDA77 /* main.m in Sources */ = {isa = PBXBuildFile; fileRef = CB7C51231B0C9CF5005DDA77 /* main.m */; };
		CB7C51261B0C9CF5005DDA77 /* Images.xcassets in Resources */ = {isa = PBXBuildFile; fileRef = CB7C51251B0C9CF5005DDA77 /* Images.xcassets */; };
		CB7C51291B0C9CF5005DDA77 /* MainMenu.xib in Resources */ = {isa = PBXBuildFile; fileRef = CB7C51271B0C9CF5005DDA77 /* MainMenu.xib */; };
		CB7C51351B0C9CF5005DDA77 /* ConflictingObjectivesTests.m in Sources */ = {isa = PBXBuildFile; fileRef = CB7C51341B0C9CF5005DDA77 /* ConflictingObjectivesTests.m */; };
		CB7C513F1B0C9D20005DDA77 /* ConflictingObjectivesHelper.m in Sources */ = {isa = PBXBuildFile; fileRef = CB7C513E1B0C9D20005DDA77 /* ConflictingObjectivesHelper.m */; };
		CB7C51401B0C9D20005DDA77 /* ConflictingObjectivesHelper.m in Sources */ = {isa = PBXBuildFile; fileRef = CB7C513E1B0C9D20005DDA77 /* ConflictingObjectivesHelper.m */; };
		CB7C51431B0C9D3E005DDA77 /* wordlist.txt in Resources */ = {isa = PBXBuildFile; fileRef = CB7C51421B0C9D3E005DDA77 /* wordlist.txt */; };
		CB7C51441B0C9D3E005DDA77 /* wordlist.txt in Resources */ = {isa = PBXBuildFile; fileRef = CB7C51421B0C9D3E005DDA77 /* wordlist.txt */; };
		CB8118411B2976A1002A8AB1 /* FileReadingHelper.m in Sources */ = {isa = PBXBuildFile; fileRef = CB8118401B2976A1002A8AB1 /* FileReadingHelper.m */; };
		CB8118421B2976A1002A8AB1 /* FileReadingHelper.m in Sources */ = {isa = PBXBuildFile; fileRef = CB8118401B2976A1002A8AB1 /* FileReadingHelper.m */; };
		DF48B0D4F1BF17F932BCDCEF /* libPods.a in Frameworks */ = {isa = PBXBuildFile; fileRef = 0DDFB7C90873A3EB58D9A41F /* libPods.a */; };
/* End PBXBuildFile section */

/* Begin PBXContainerItemProxy section */
		CB7C512F1B0C9CF5005DDA77 /* PBXContainerItemProxy */ = {
			isa = PBXContainerItemProxy;
			containerPortal = CB7C51131B0C9CF5005DDA77 /* Project object */;
			proxyType = 1;
			remoteGlobalIDString = CB7C511A1B0C9CF5005DDA77;
			remoteInfo = ConflictingObjectives;
		};
/* End PBXContainerItemProxy section */

/* Begin PBXFileReference section */
		0DDFB7C90873A3EB58D9A41F /* libPods.a */ = {isa = PBXFileReference; explicitFileType = archive.ar; includeInIndex = 0; path = libPods.a; sourceTree = BUILT_PRODUCTS_DIR; };
		CB0DCB041B2846DE00DD4E35 /* NSArray+PermutationAdditions.h */ = {isa = PBXFileReference; fileEncoding = 4; lastKnownFileType = sourcecode.c.h; path = "NSArray+PermutationAdditions.h"; sourceTree = "<group>"; };
		CB0DCB051B2846DE00DD4E35 /* NSArray+PermutationAdditions.m */ = {isa = PBXFileReference; fileEncoding = 4; lastKnownFileType = sourcecode.c.objc; path = "NSArray+PermutationAdditions.m"; sourceTree = "<group>"; };
		CB7C511B1B0C9CF5005DDA77 /* ConflictingObjectives.app */ = {isa = PBXFileReference; explicitFileType = wrapper.application; includeInIndex = 0; path = ConflictingObjectives.app; sourceTree = BUILT_PRODUCTS_DIR; };
		CB7C511F1B0C9CF5005DDA77 /* Info.plist */ = {isa = PBXFileReference; lastKnownFileType = text.plist.xml; path = Info.plist; sourceTree = "<group>"; };
		CB7C51201B0C9CF5005DDA77 /* AppDelegate.h */ = {isa = PBXFileReference; lastKnownFileType = sourcecode.c.h; path = AppDelegate.h; sourceTree = "<group>"; };
		CB7C51211B0C9CF5005DDA77 /* AppDelegate.m */ = {isa = PBXFileReference; lastKnownFileType = sourcecode.c.objc; path = AppDelegate.m; sourceTree = "<group>"; };
		CB7C51231B0C9CF5005DDA77 /* main.m */ = {isa = PBXFileReference; lastKnownFileType = sourcecode.c.objc; path = main.m; sourceTree = "<group>"; };
		CB7C51251B0C9CF5005DDA77 /* Images.xcassets */ = {isa = PBXFileReference; lastKnownFileType = folder.assetcatalog; path = Images.xcassets; sourceTree = "<group>"; };
		CB7C51281B0C9CF5005DDA77 /* Base */ = {isa = PBXFileReference; lastKnownFileType = file.xib; name = Base; path = Base.lproj/MainMenu.xib; sourceTree = "<group>"; };
		CB7C512E1B0C9CF5005DDA77 /* ConflictingObjectivesTests.xctest */ = {isa = PBXFileReference; explicitFileType = wrapper.cfbundle; includeInIndex = 0; path = ConflictingObjectivesTests.xctest; sourceTree = BUILT_PRODUCTS_DIR; };
		CB7C51331B0C9CF5005DDA77 /* Info.plist */ = {isa = PBXFileReference; lastKnownFileType = text.plist.xml; path = Info.plist; sourceTree = "<group>"; };
		CB7C51341B0C9CF5005DDA77 /* ConflictingObjectivesTests.m */ = {isa = PBXFileReference; lastKnownFileType = sourcecode.c.objc; path = ConflictingObjectivesTests.m; sourceTree = "<group>"; };
		CB7C513E1B0C9D20005DDA77 /* ConflictingObjectivesHelper.m */ = {isa = PBXFileReference; fileEncoding = 4; lastKnownFileType = sourcecode.c.objc; path = ConflictingObjectivesHelper.m; sourceTree = "<group>"; };
		CB7C51411B0C9D2D005DDA77 /* ConflictingObjectivesHelper.h */ = {isa = PBXFileReference; fileEncoding = 4; lastKnownFileType = sourcecode.c.h; path = ConflictingObjectivesHelper.h; sourceTree = "<group>"; };
		CB7C51421B0C9D3E005DDA77 /* wordlist.txt */ = {isa = PBXFileReference; fileEncoding = 4; lastKnownFileType = text; path = wordlist.txt; sourceTree = "<group>"; };
		CB8118401B2976A1002A8AB1 /* FileReadingHelper.m */ = {isa = PBXFileReference; fileEncoding = 4; lastKnownFileType = sourcecode.c.objc; path = FileReadingHelper.m; sourceTree = "<group>"; };
		CB8118431B2976C5002A8AB1 /* FileReadingHelper.h */ = {isa = PBXFileReference; fileEncoding = 4; lastKnownFileType = sourcecode.c.h; path = FileReadingHelper.h; sourceTree = "<group>"; };
		DC6011199C71459A402B80F3 /* Pods.release.xcconfig */ = {isa = PBXFileReference; includeInIndex = 1; lastKnownFileType = text.xcconfig; name = Pods.release.xcconfig; path = "Pods/Target Support Files/Pods/Pods.release.xcconfig"; sourceTree = "<group>"; };
		FE05D404CF5BB80AF7CD7373 /* Pods.debug.xcconfig */ = {isa = PBXFileReference; includeInIndex = 1; lastKnownFileType = text.xcconfig; name = Pods.debug.xcconfig; path = "Pods/Target Support Files/Pods/Pods.debug.xcconfig"; sourceTree = "<group>"; };
/* End PBXFileReference section */

/* Begin PBXFrameworksBuildPhase section */
		CB7C51181B0C9CF5005DDA77 /* Frameworks */ = {
			isa = PBXFrameworksBuildPhase;
			buildActionMask = 2147483647;
			files = (
				B36A57F10EBE3639751276C6 /* libPods.a in Frameworks */,
			);
			runOnlyForDeploymentPostprocessing = 0;
		};
		CB7C512B1B0C9CF5005DDA77 /* Frameworks */ = {
			isa = PBXFrameworksBuildPhase;
			buildActionMask = 2147483647;
			files = (
				DF48B0D4F1BF17F932BCDCEF /* libPods.a in Frameworks */,
			);
			runOnlyForDeploymentPostprocessing = 0;
		};
/* End PBXFrameworksBuildPhase section */

/* Begin PBXGroup section */
		561FE8A983C486970F117B0E /* Frameworks */ = {
			isa = PBXGroup;
			children = (
				0DDFB7C90873A3EB58D9A41F /* libPods.a */,
			);
			name = Frameworks;
			sourceTree = "<group>";
		};
		B791EF30ED0B6D0F241D93A4 /* Pods */ = {
			isa = PBXGroup;
			children = (
				FE05D404CF5BB80AF7CD7373 /* Pods.debug.xcconfig */,
				DC6011199C71459A402B80F3 /* Pods.release.xcconfig */,
			);
			name = Pods;
			sourceTree = "<group>";
		};
		CB7C51121B0C9CF5005DDA77 = {
			isa = PBXGroup;
			children = (
				CB7C511D1B0C9CF5005DDA77 /* ConflictingObjectives */,
				CB7C51311B0C9CF5005DDA77 /* ConflictingObjectivesTests */,
				CB7C511C1B0C9CF5005DDA77 /* Products */,
				B791EF30ED0B6D0F241D93A4 /* Pods */,
				561FE8A983C486970F117B0E /* Frameworks */,
			);
			sourceTree = "<group>";
		};
		CB7C511C1B0C9CF5005DDA77 /* Products */ = {
			isa = PBXGroup;
			children = (
				CB7C511B1B0C9CF5005DDA77 /* ConflictingObjectives.app */,
				CB7C512E1B0C9CF5005DDA77 /* ConflictingObjectivesTests.xctest */,
			);
			name = Products;
			sourceTree = "<group>";
		};
		CB7C511D1B0C9CF5005DDA77 /* ConflictingObjectives */ = {
			isa = PBXGroup;
			children = (
				CB7C51421B0C9D3E005DDA77 /* wordlist.txt */,
				CB7C51201B0C9CF5005DDA77 /* AppDelegate.h */,
				CB7C51211B0C9CF5005DDA77 /* AppDelegate.m */,
				CB8118401B2976A1002A8AB1 /* FileReadingHelper.m */,
				CB8118431B2976C5002A8AB1 /* FileReadingHelper.h */,
				CB7C51411B0C9D2D005DDA77 /* ConflictingObjectivesHelper.h */,
				CB7C513E1B0C9D20005DDA77 /* ConflictingObjectivesHelper.m */,
				CB0DCB041B2846DE00DD4E35 /* NSArray+PermutationAdditions.h */,
				CB0DCB051B2846DE00DD4E35 /* NSArray+PermutationAdditions.m */,
				CB7C51251B0C9CF5005DDA77 /* Images.xcassets */,
				CB7C51271B0C9CF5005DDA77 /* MainMenu.xib */,
				CB7C511E1B0C9CF5005DDA77 /* Supporting Files */,
			);
			path = ConflictingObjectives;
			sourceTree = "<group>";
		};
		CB7C511E1B0C9CF5005DDA77 /* Supporting Files */ = {
			isa = PBXGroup;
			children = (
				CB7C511F1B0C9CF5005DDA77 /* Info.plist */,
				CB7C51231B0C9CF5005DDA77 /* main.m */,
			);
			name = "Supporting Files";
			sourceTree = "<group>";
		};
		CB7C51311B0C9CF5005DDA77 /* ConflictingObjectivesTests */ = {
			isa = PBXGroup;
			children = (
				CB7C51341B0C9CF5005DDA77 /* ConflictingObjectivesTests.m */,
				CB7C51321B0C9CF5005DDA77 /* Supporting Files */,
			);
			path = ConflictingObjectivesTests;
			sourceTree = "<group>";
		};
		CB7C51321B0C9CF5005DDA77 /* Supporting Files */ = {
			isa = PBXGroup;
			children = (
				CB7C51331B0C9CF5005DDA77 /* Info.plist */,
			);
			name = "Supporting Files";
			sourceTree = "<group>";
		};
/* End PBXGroup section */

/* Begin PBXNativeTarget section */
		CB7C511A1B0C9CF5005DDA77 /* ConflictingObjectives */ = {
			isa = PBXNativeTarget;
			buildConfigurationList = CB7C51381B0C9CF5005DDA77 /* Build configuration list for PBXNativeTarget "ConflictingObjectives" */;
			buildPhases = (
				DD17DB689F4957E7756FB0A1 /* Check Pods Manifest.lock */,
				CB7C51171B0C9CF5005DDA77 /* Sources */,
				CB7C51181B0C9CF5005DDA77 /* Frameworks */,
				CB7C51191B0C9CF5005DDA77 /* Resources */,
				DD11780B51CC929476D79C0A /* Copy Pods Resources */,
			);
			buildRules = (
			);
			dependencies = (
			);
			name = ConflictingObjectives;
			productName = ConflictingObjectives;
			productReference = CB7C511B1B0C9CF5005DDA77 /* ConflictingObjectives.app */;
			productType = "com.apple.product-type.application";
		};
		CB7C512D1B0C9CF5005DDA77 /* ConflictingObjectivesTests */ = {
			isa = PBXNativeTarget;
			buildConfigurationList = CB7C513B1B0C9CF5005DDA77 /* Build configuration list for PBXNativeTarget "ConflictingObjectivesTests" */;
			buildPhases = (
				656F0D649D14C18618F199B9 /* Check Pods Manifest.lock */,
				CB7C512A1B0C9CF5005DDA77 /* Sources */,
				CB7C512B1B0C9CF5005DDA77 /* Frameworks */,
				CB7C512C1B0C9CF5005DDA77 /* Resources */,
				322C6501FDE10EE1733F943F /* Copy Pods Resources */,
			);
			buildRules = (
			);
			dependencies = (
				CB7C51301B0C9CF5005DDA77 /* PBXTargetDependency */,
			);
			name = ConflictingObjectivesTests;
			productName = ConflictingObjectivesTests;
			productReference = CB7C512E1B0C9CF5005DDA77 /* ConflictingObjectivesTests.xctest */;
			productType = "com.apple.product-type.bundle.unit-test";
		};
/* End PBXNativeTarget section */

/* Begin PBXProject section */
		CB7C51131B0C9CF5005DDA77 /* Project object */ = {
			isa = PBXProject;
			attributes = {
				LastUpgradeCheck = 0630;
				ORGANIZATIONNAME = "Prateek Khandelwal";
				TargetAttributes = {
					CB7C511A1B0C9CF5005DDA77 = {
						CreatedOnToolsVersion = 6.3;
					};
					CB7C512D1B0C9CF5005DDA77 = {
						CreatedOnToolsVersion = 6.3;
						TestTargetID = CB7C511A1B0C9CF5005DDA77;
					};
				};
			};
			buildConfigurationList = CB7C51161B0C9CF5005DDA77 /* Build configuration list for PBXProject "ConflictingObjectives" */;
			compatibilityVersion = "Xcode 3.2";
			developmentRegion = English;
			hasScannedForEncodings = 0;
			knownRegions = (
				en,
				Base,
			);
			mainGroup = CB7C51121B0C9CF5005DDA77;
			productRefGroup = CB7C511C1B0C9CF5005DDA77 /* Products */;
			projectDirPath = "";
			projectRoot = "";
			targets = (
				CB7C511A1B0C9CF5005DDA77 /* ConflictingObjectives */,
				CB7C512D1B0C9CF5005DDA77 /* ConflictingObjectivesTests */,
			);
		};
/* End PBXProject section */

/* Begin PBXResourcesBuildPhase section */
		CB7C51191B0C9CF5005DDA77 /* Resources */ = {
			isa = PBXResourcesBuildPhase;
			buildActionMask = 2147483647;
			files = (
				CB7C51261B0C9CF5005DDA77 /* Images.xcassets in Resources */,
				CB7C51431B0C9D3E005DDA77 /* wordlist.txt in Resources */,
				CB7C51291B0C9CF5005DDA77 /* MainMenu.xib in Resources */,
			);
			runOnlyForDeploymentPostprocessing = 0;
		};
		CB7C512C1B0C9CF5005DDA77 /* Resources */ = {
			isa = PBXResourcesBuildPhase;
			buildActionMask = 2147483647;
			files = (
				CB7C51441B0C9D3E005DDA77 /* wordlist.txt in Resources */,
			);
			runOnlyForDeploymentPostprocessing = 0;
		};
/* End PBXResourcesBuildPhase section */

/* Begin PBXShellScriptBuildPhase section */
		322C6501FDE10EE1733F943F /* Copy Pods Resources */ = {
			isa = PBXShellScriptBuildPhase;
			buildActionMask = 2147483647;
			files = (
			);
			inputPaths = (
			);
			name = "Copy Pods Resources";
			outputPaths = (
			);
			runOnlyForDeploymentPostprocessing = 0;
			shellPath = /bin/sh;
			shellScript = "\"${SRCROOT}/Pods/Target Support Files/Pods/Pods-resources.sh\"\n";
			showEnvVarsInLog = 0;
		};
		656F0D649D14C18618F199B9 /* Check Pods Manifest.lock */ = {
			isa = PBXShellScriptBuildPhase;
			buildActionMask = 2147483647;
			files = (
			);
			inputPaths = (
			);
			name = "Check Pods Manifest.lock";
			outputPaths = (
			);
			runOnlyForDeploymentPostprocessing = 0;
			shellPath = /bin/sh;
			shellScript = "diff \"${PODS_ROOT}/../Podfile.lock\" \"${PODS_ROOT}/Manifest.lock\" > /dev/null\nif [[ $? != 0 ]] ; then\n    cat << EOM\nerror: The sandbox is not in sync with the Podfile.lock. Run 'pod install' or update your CocoaPods installation.\nEOM\n    exit 1\nfi\n";
			showEnvVarsInLog = 0;
		};
		DD11780B51CC929476D79C0A /* Copy Pods Resources */ = {
			isa = PBXShellScriptBuildPhase;
			buildActionMask = 2147483647;
			files = (
			);
			inputPaths = (
			);
			name = "Copy Pods Resources";
			outputPaths = (
			);
			runOnlyForDeploymentPostprocessing = 0;
			shellPath = /bin/sh;
			shellScript = "\"${SRCROOT}/Pods/Target Support Files/Pods/Pods-resources.sh\"\n";
			showEnvVarsInLog = 0;
		};
		DD17DB689F4957E7756FB0A1 /* Check Pods Manifest.lock */ = {
			isa = PBXShellScriptBuildPhase;
			buildActionMask = 2147483647;
			files = (
			);
			inputPaths = (
			);
			name = "Check Pods Manifest.lock";
			outputPaths = (
			);
			runOnlyForDeploymentPostprocessing = 0;
			shellPath = /bin/sh;
			shellScript = "diff \"${PODS_ROOT}/../Podfile.lock\" \"${PODS_ROOT}/Manifest.lock\" > /dev/null\nif [[ $? != 0 ]] ; then\n    cat << EOM\nerror: The sandbox is not in sync with the Podfile.lock. Run 'pod install' or update your CocoaPods installation.\nEOM\n    exit 1\nfi\n";
			showEnvVarsInLog = 0;
		};
/* End PBXShellScriptBuildPhase section */

/* Begin PBXSourcesBuildPhase section */
		CB7C51171B0C9CF5005DDA77 /* Sources */ = {
			isa = PBXSourcesBuildPhase;
			buildActionMask = 2147483647;
			files = (
				CB8118411B2976A1002A8AB1 /* FileReadingHelper.m in Sources */,
				CB7C51241B0C9CF5005DDA77 /* main.m in Sources */,
				CB7C51221B0C9CF5005DDA77 /* AppDelegate.m in Sources */,
				CB7C513F1B0C9D20005DDA77 /* ConflictingObjectivesHelper.m in Sources */,
				CB0DCB061B2846DE00DD4E35 /* NSArray+PermutationAdditions.m in Sources */,
			);
			runOnlyForDeploymentPostprocessing = 0;
		};
		CB7C512A1B0C9CF5005DDA77 /* Sources */ = {
			isa = PBXSourcesBuildPhase;
			buildActionMask = 2147483647;
			files = (
				CB8118421B2976A1002A8AB1 /* FileReadingHelper.m in Sources */,
				CB7C51401B0C9D20005DDA77 /* ConflictingObjectivesHelper.m in Sources */,
				CB7C51351B0C9CF5005DDA77 /* ConflictingObjectivesTests.m in Sources */,
			);
			runOnlyForDeploymentPostprocessing = 0;
		};
/* End PBXSourcesBuildPhase section */

/* Begin PBXTargetDependency section */
		CB7C51301B0C9CF5005DDA77 /* PBXTargetDependency */ = {
			isa = PBXTargetDependency;
			target = CB7C511A1B0C9CF5005DDA77 /* ConflictingObjectives */;
			targetProxy = CB7C512F1B0C9CF5005DDA77 /* PBXContainerItemProxy */;
		};
/* End PBXTargetDependency section */

/* Begin PBXVariantGroup section */
		CB7C51271B0C9CF5005DDA77 /* MainMenu.xib */ = {
			isa = PBXVariantGroup;
			children = (
				CB7C51281B0C9CF5005DDA77 /* Base */,
			);
			name = MainMenu.xib;
			sourceTree = "<group>";
		};
/* End PBXVariantGroup section */

/* Begin XCBuildConfiguration section */
		CB7C51361B0C9CF5005DDA77 /* Debug */ = {
			isa = XCBuildConfiguration;
			buildSettings = {
				ALWAYS_SEARCH_USER_PATHS = NO;
				CLANG_CXX_LANGUAGE_STANDARD = "gnu++0x";
				CLANG_CXX_LIBRARY = "libc++";
				CLANG_ENABLE_MODULES = YES;
				CLANG_ENABLE_OBJC_ARC = YES;
				CLANG_WARN_BOOL_CONVERSION = YES;
				CLANG_WARN_CONSTANT_CONVERSION = YES;
				CLANG_WARN_DIRECT_OBJC_ISA_USAGE = YES_ERROR;
				CLANG_WARN_EMPTY_BODY = YES;
				CLANG_WARN_ENUM_CONVERSION = YES;
				CLANG_WARN_INT_CONVERSION = YES;
				CLANG_WARN_OBJC_ROOT_CLASS = YES_ERROR;
				CLANG_WARN_UNREACHABLE_CODE = YES;
				CLANG_WARN__DUPLICATE_METHOD_MATCH = YES;
				CODE_SIGN_IDENTITY = "-";
				COPY_PHASE_STRIP = NO;
				DEBUG_INFORMATION_FORMAT = dwarf;
				ENABLE_STRICT_OBJC_MSGSEND = YES;
				GCC_C_LANGUAGE_STANDARD = gnu99;
				GCC_DYNAMIC_NO_PIC = NO;
				GCC_NO_COMMON_BLOCKS = YES;
				GCC_OPTIMIZATION_LEVEL = 0;
				GCC_PREPROCESSOR_DEFINITIONS = (
					"DEBUG=1",
					"$(inherited)",
				);
				GCC_SYMBOLS_PRIVATE_EXTERN = NO;
				GCC_WARN_64_TO_32_BIT_CONVERSION = YES;
				GCC_WARN_ABOUT_RETURN_TYPE = YES_ERROR;
				GCC_WARN_UNDECLARED_SELECTOR = YES;
				GCC_WARN_UNINITIALIZED_AUTOS = YES_AGGRESSIVE;
				GCC_WARN_UNUSED_FUNCTION = YES;
				GCC_WARN_UNUSED_VARIABLE = YES;
				MACOSX_DEPLOYMENT_TARGET = 10.10;
				MTL_ENABLE_DEBUG_INFO = YES;
				ONLY_ACTIVE_ARCH = YES;
				SDKROOT = macosx;
			};
			name = Debug;
		};
		CB7C51371B0C9CF5005DDA77 /* Release */ = {
			isa = XCBuildConfiguration;
			buildSettings = {
				ALWAYS_SEARCH_USER_PATHS = NO;
				CLANG_CXX_LANGUAGE_STANDARD = "gnu++0x";
				CLANG_CXX_LIBRARY = "libc++";
				CLANG_ENABLE_MODULES = YES;
				CLANG_ENABLE_OBJC_ARC = YES;
				CLANG_WARN_BOOL_CONVERSION = YES;
				CLANG_WARN_CONSTANT_CONVERSION = YES;
				CLANG_WARN_DIRECT_OBJC_ISA_USAGE = YES_ERROR;
				CLANG_WARN_EMPTY_BODY = YES;
				CLANG_WARN_ENUM_CONVERSION = YES;
				CLANG_WARN_INT_CONVERSION = YES;
				CLANG_WARN_OBJC_ROOT_CLASS = YES_ERROR;
				CLANG_WARN_UNREACHABLE_CODE = YES;
				CLANG_WARN__DUPLICATE_METHOD_MATCH = YES;
				CODE_SIGN_IDENTITY = "-";
				COPY_PHASE_STRIP = NO;
				DEBUG_INFORMATION_FORMAT = "dwarf-with-dsym";
				ENABLE_NS_ASSERTIONS = NO;
				ENABLE_STRICT_OBJC_MSGSEND = YES;
				GCC_C_LANGUAGE_STANDARD = gnu99;
				GCC_NO_COMMON_BLOCKS = YES;
				GCC_WARN_64_TO_32_BIT_CONVERSION = YES;
				GCC_WARN_ABOUT_RETURN_TYPE = YES_ERROR;
				GCC_WARN_UNDECLARED_SELECTOR = YES;
				GCC_WARN_UNINITIALIZED_AUTOS = YES_AGGRESSIVE;
				GCC_WARN_UNUSED_FUNCTION = YES;
				GCC_WARN_UNUSED_VARIABLE = YES;
				MACOSX_DEPLOYMENT_TARGET = 10.10;
				MTL_ENABLE_DEBUG_INFO = NO;
				SDKROOT = macosx;
			};
			name = Release;
		};
		CB7C51391B0C9CF5005DDA77 /* Debug */ = {
			isa = XCBuildConfiguration;
			baseConfigurationReference = FE05D404CF5BB80AF7CD7373 /* Pods.debug.xcconfig */;
			buildSettings = {
				ASSETCATALOG_COMPILER_APPICON_NAME = AppIcon;
				COMBINE_HIDPI_IMAGES = YES;
				INFOPLIST_FILE = ConflictingObjectives/Info.plist;
				LD_RUNPATH_SEARCH_PATHS = "$(inherited) @executable_path/../Frameworks";
				MACOSX_DEPLOYMENT_TARGET = 10.9;
				PRODUCT_NAME = "$(TARGET_NAME)";
			};
			name = Debug;
		};
		CB7C513A1B0C9CF5005DDA77 /* Release */ = {
			isa = XCBuildConfiguration;
			baseConfigurationReference = DC6011199C71459A402B80F3 /* Pods.release.xcconfig */;
			buildSettings = {
				ASSETCATALOG_COMPILER_APPICON_NAME = AppIcon;
				COMBINE_HIDPI_IMAGES = YES;
				INFOPLIST_FILE = ConflictingObjectives/Info.plist;
				LD_RUNPATH_SEARCH_PATHS = "$(inherited) @executable_path/../Frameworks";
				MACOSX_DEPLOYMENT_TARGET = 10.9;
				PRODUCT_NAME = "$(TARGET_NAME)";
			};
			name = Release;
		};
		CB7C513C1B0C9CF5005DDA77 /* Debug */ = {
			isa = XCBuildConfiguration;
			baseConfigurationReference = FE05D404CF5BB80AF7CD7373 /* Pods.debug.xcconfig */;
			buildSettings = {
				BUNDLE_LOADER = "$(TEST_HOST)";
				COMBINE_HIDPI_IMAGES = YES;
				FRAMEWORK_SEARCH_PATHS = (
					"$(DEVELOPER_FRAMEWORKS_DIR)",
					"$(inherited)",
				);
				GCC_PREPROCESSOR_DEFINITIONS = (
					"DEBUG=1",
					"$(inherited)",
				);
				INFOPLIST_FILE = ConflictingObjectivesTests/Info.plist;
				LD_RUNPATH_SEARCH_PATHS = "$(inherited) @executable_path/../Frameworks @loader_path/../Frameworks";
				PRODUCT_NAME = "$(TARGET_NAME)";
				TEST_HOST = "$(BUILT_PRODUCTS_DIR)/ConflictingObjectives.app/Contents/MacOS/ConflictingObjectives";
			};
			name = Debug;
		};
		CB7C513D1B0C9CF5005DDA77 /* Release */ = {
			isa = XCBuildConfiguration;
			baseConfigurationReference = DC6011199C71459A402B80F3 /* Pods.release.xcconfig */;
			buildSettings = {
				BUNDLE_LOADER = "$(TEST_HOST)";
				COMBINE_HIDPI_IMAGES = YES;
				FRAMEWORK_SEARCH_PATHS = (
					"$(DEVELOPER_FRAMEWORKS_DIR)",
					"$(inherited)",
				);
				INFOPLIST_FILE = ConflictingObjectivesTests/Info.plist;
				LD_RUNPATH_SEARCH_PATHS = "$(inherited) @executable_path/../Frameworks @loader_path/../Frameworks";
				PRODUCT_NAME = "$(TARGET_NAME)";
				TEST_HOST = "$(BUILT_PRODUCTS_DIR)/ConflictingObjectives.app/Contents/MacOS/ConflictingObjectives";
			};
			name = Release;
		};
/* End XCBuildConfiguration section */

/* Begin XCConfigurationList section */
		CB7C51161B0C9CF5005DDA77 /* Build configuration list for PBXProject "ConflictingObjectives" */ = {
			isa = XCConfigurationList;
			buildConfigurations = (
				CB7C51361B0C9CF5005DDA77 /* Debug */,
				CB7C51371B0C9CF5005DDA77 /* Release */,
			);
			defaultConfigurationIsVisible = 0;
			defaultConfigurationName = Release;
		};
		CB7C51381B0C9CF5005DDA77 /* Build configuration list for PBXNativeTarget "ConflictingObjectives" */ = {
			isa = XCConfigurationList;
			buildConfigurations = (
				CB7C51391B0C9CF5005DDA77 /* Debug */,
				CB7C513A1B0C9CF5005DDA77 /* Release */,
			);
			defaultConfigurationIsVisible = 0;
			defaultConfigurationName = Release;
		};
		CB7C513B1B0C9CF5005DDA77 /* Build configuration list for PBXNativeTarget "ConflictingObjectivesTests" */ = {
			isa = XCConfigurationList;
			buildConfigurations = (
				CB7C513C1B0C9CF5005DDA77 /* Debug */,
				CB7C513D1B0C9CF5005DDA77 /* Release */,
			);
			defaultConfigurationIsVisible = 0;
			defaultConfigurationName = Release;
		};
/* End XCConfigurationList section */
	};
	rootObject = CB7C51131B0C9CF5005DDA77 /* Project object */;
}
