// !$*UTF8*$!
{
	archiveVersion = 1;
	classes = {
	};
	objectVersion = 46;
	objects = {

/* Begin PBXBuildFile section */
		CB7FD5AA1AFA201E0044D1A2 /* main.cpp in Sources */ = {isa = PBXBuildFile; fileRef = CB7FD5A91AFA201E0044D1A2 /* main.cpp */; };
		CB7FD5B21AFA20BF0044D1A2 /* md5.cpp in Sources */ = {isa = PBXBuildFile; fileRef = CB7FD5B11AFA20BF0044D1A2 /* md5.cpp */; };
/* End PBXBuildFile section */

/* Begin PBXCopyFilesBuildPhase section */
		CB7FD5A41AFA201E0044D1A2 /* CopyFiles */ = {
			isa = PBXCopyFilesBuildPhase;
			buildActionMask = 2147483647;
			dstPath = /usr/share/man/man1/;
			dstSubfolderSpec = 0;
			files = (
			);
			runOnlyForDeploymentPostprocessing = 1;
		};
/* End PBXCopyFilesBuildPhase section */

/* Begin PBXFileReference section */
		CB7FD5A61AFA201E0044D1A2 /* BloomFilter */ = {isa = PBXFileReference; explicitFileType = "compiled.mach-o.executable"; includeInIndex = 0; path = BloomFilter; sourceTree = BUILT_PRODUCTS_DIR; };
		CB7FD5A91AFA201E0044D1A2 /* main.cpp */ = {isa = PBXFileReference; lastKnownFileType = sourcecode.cpp.cpp; path = main.cpp; sourceTree = "<group>"; };
		CB7FD5B01AFA206D0044D1A2 /* md5.h */ = {isa = PBXFileReference; fileEncoding = 4; lastKnownFileType = sourcecode.c.h; path = md5.h; sourceTree = "<group>"; };
		CB7FD5B11AFA20BF0044D1A2 /* md5.cpp */ = {isa = PBXFileReference; fileEncoding = 4; lastKnownFileType = sourcecode.cpp.cpp; path = md5.cpp; sourceTree = "<group>"; };
/* End PBXFileReference section */

/* Begin PBXFrameworksBuildPhase section */
		CB7FD5A31AFA201E0044D1A2 /* Frameworks */ = {
			isa = PBXFrameworksBuildPhase;
			buildActionMask = 2147483647;
			files = (
			);
			runOnlyForDeploymentPostprocessing = 0;
		};
/* End PBXFrameworksBuildPhase section */

/* Begin PBXGroup section */
		CB7FD59D1AFA201E0044D1A2 = {
			isa = PBXGroup;
			children = (
				CB7FD5A81AFA201E0044D1A2 /* BloomFilter */,
				CB7FD5A71AFA201E0044D1A2 /* Products */,
			);
			sourceTree = "<group>";
		};
		CB7FD5A71AFA201E0044D1A2 /* Products */ = {
			isa = PBXGroup;
			children = (
				CB7FD5A61AFA201E0044D1A2 /* BloomFilter */,
			);
			name = Products;
			sourceTree = "<group>";
		};
		CB7FD5A81AFA201E0044D1A2 /* BloomFilter */ = {
			isa = PBXGroup;
			children = (
				CB7FD5A91AFA201E0044D1A2 /* main.cpp */,
				CB7FD5B01AFA206D0044D1A2 /* md5.h */,
				CB7FD5B11AFA20BF0044D1A2 /* md5.cpp */,
			);
			path = BloomFilter;
			sourceTree = "<group>";
		};
/* End PBXGroup section */

/* Begin PBXNativeTarget section */
		CB7FD5A51AFA201E0044D1A2 /* BloomFilter */ = {
			isa = PBXNativeTarget;
			buildConfigurationList = CB7FD5AD1AFA201E0044D1A2 /* Build configuration list for PBXNativeTarget "BloomFilter" */;
			buildPhases = (
				CB7FD5A21AFA201E0044D1A2 /* Sources */,
				CB7FD5A31AFA201E0044D1A2 /* Frameworks */,
				CB7FD5A41AFA201E0044D1A2 /* CopyFiles */,
			);
			buildRules = (
			);
			dependencies = (
			);
			name = BloomFilter;
			productName = BloomFilter;
			productReference = CB7FD5A61AFA201E0044D1A2 /* BloomFilter */;
			productType = "com.apple.product-type.tool";
		};
/* End PBXNativeTarget section */

/* Begin PBXProject section */
		CB7FD59E1AFA201E0044D1A2 /* Project object */ = {
			isa = PBXProject;
			attributes = {
				LastUpgradeCheck = 0630;
				ORGANIZATIONNAME = "Prateek Khandelwal";
				TargetAttributes = {
					CB7FD5A51AFA201E0044D1A2 = {
						CreatedOnToolsVersion = 6.3;
					};
				};
			};
			buildConfigurationList = CB7FD5A11AFA201E0044D1A2 /* Build configuration list for PBXProject "BloomFilter" */;
			compatibilityVersion = "Xcode 3.2";
			developmentRegion = English;
			hasScannedForEncodings = 0;
			knownRegions = (
				en,
			);
			mainGroup = CB7FD59D1AFA201E0044D1A2;
			productRefGroup = CB7FD5A71AFA201E0044D1A2 /* Products */;
			projectDirPath = "";
			projectRoot = "";
			targets = (
				CB7FD5A51AFA201E0044D1A2 /* BloomFilter */,
			);
		};
/* End PBXProject section */

/* Begin PBXSourcesBuildPhase section */
		CB7FD5A21AFA201E0044D1A2 /* Sources */ = {
			isa = PBXSourcesBuildPhase;
			buildActionMask = 2147483647;
			files = (
				CB7FD5B21AFA20BF0044D1A2 /* md5.cpp in Sources */,
				CB7FD5AA1AFA201E0044D1A2 /* main.cpp in Sources */,
			);
			runOnlyForDeploymentPostprocessing = 0;
		};
/* End PBXSourcesBuildPhase section */

/* Begin XCBuildConfiguration section */
		CB7FD5AB1AFA201E0044D1A2 /* Debug */ = {
			isa = XCBuildConfiguration;
			buildSettings = {
				ALWAYS_SEARCH_USER_PATHS = NO;
				CLANG_CXX_LANGUAGE_STANDARD = "gnu++0x";
				CLANG_CXX_LIBRARY = "libc++";
				CLANG_ENABLE_MODULES = YES;
				CLANG_ENABLE_OBJC_ARC = YES;
				CLANG_WARN_BOOL_CONVERSION = YES;
				CLANG_WARN_CONSTANT_CONVERSION = YES;
				CLANG_WARN_DIRECT_OBJC_ISA_USAGE = YES_ERROR;
				CLANG_WARN_EMPTY_BODY = YES;
				CLANG_WARN_ENUM_CONVERSION = YES;
				CLANG_WARN_INT_CONVERSION = YES;
				CLANG_WARN_OBJC_ROOT_CLASS = YES_ERROR;
				CLANG_WARN_UNREACHABLE_CODE = YES;
				CLANG_WARN__DUPLICATE_METHOD_MATCH = YES;
				COPY_PHASE_STRIP = NO;
				DEBUG_INFORMATION_FORMAT = dwarf;
				ENABLE_STRICT_OBJC_MSGSEND = YES;
				GCC_C_LANGUAGE_STANDARD = gnu99;
				GCC_DYNAMIC_NO_PIC = NO;
				GCC_NO_COMMON_BLOCKS = YES;
				GCC_OPTIMIZATION_LEVEL = 0;
				GCC_PREPROCESSOR_DEFINITIONS = (
					"DEBUG=1",
					"$(inherited)",
				);
				GCC_SYMBOLS_PRIVATE_EXTERN = NO;
				GCC_WARN_64_TO_32_BIT_CONVERSION = YES;
				GCC_WARN_ABOUT_RETURN_TYPE = YES_ERROR;
				GCC_WARN_UNDECLARED_SELECTOR = YES;
				GCC_WARN_UNINITIALIZED_AUTOS = YES_AGGRESSIVE;
				GCC_WARN_UNUSED_FUNCTION = YES;
				GCC_WARN_UNUSED_VARIABLE = YES;
				MACOSX_DEPLOYMENT_TARGET = 10.10;
				MTL_ENABLE_DEBUG_INFO = YES;
				ONLY_ACTIVE_ARCH = YES;
				SDKROOT = macosx;
			};
			name = Debug;
		};
		CB7FD5AC1AFA201E0044D1A2 /* Release */ = {
			isa = XCBuildConfiguration;
			buildSettings = {
				ALWAYS_SEARCH_USER_PATHS = NO;
				CLANG_CXX_LANGUAGE_STANDARD = "gnu++0x";
				CLANG_CXX_LIBRARY = "libc++";
				CLANG_ENABLE_MODULES = YES;
				CLANG_ENABLE_OBJC_ARC = YES;
				CLANG_WARN_BOOL_CONVERSION = YES;
				CLANG_WARN_CONSTANT_CONVERSION = YES;
				CLANG_WARN_DIRECT_OBJC_ISA_USAGE = YES_ERROR;
				CLANG_WARN_EMPTY_BODY = YES;
				CLANG_WARN_ENUM_CONVERSION = YES;
				CLANG_WARN_INT_CONVERSION = YES;
				CLANG_WARN_OBJC_ROOT_CLASS = YES_ERROR;
				CLANG_WARN_UNREACHABLE_CODE = YES;
				CLANG_WARN__DUPLICATE_METHOD_MATCH = YES;
				COPY_PHASE_STRIP = NO;
				DEBUG_INFORMATION_FORMAT = "dwarf-with-dsym";
				ENABLE_NS_ASSERTIONS = NO;
				ENABLE_STRICT_OBJC_MSGSEND = YES;
				GCC_C_LANGUAGE_STANDARD = gnu99;
				GCC_NO_COMMON_BLOCKS = YES;
				GCC_WARN_64_TO_32_BIT_CONVERSION = YES;
				GCC_WARN_ABOUT_RETURN_TYPE = YES_ERROR;
				GCC_WARN_UNDECLARED_SELECTOR = YES;
				GCC_WARN_UNINITIALIZED_AUTOS = YES_AGGRESSIVE;
				GCC_WARN_UNUSED_FUNCTION = YES;
				GCC_WARN_UNUSED_VARIABLE = YES;
				MACOSX_DEPLOYMENT_TARGET = 10.10;
				MTL_ENABLE_DEBUG_INFO = NO;
				SDKROOT = macosx;
			};
			name = Release;
		};
		CB7FD5AE1AFA201E0044D1A2 /* Debug */ = {
			isa = XCBuildConfiguration;
			buildSettings = {
				PRODUCT_NAME = "$(TARGET_NAME)";
			};
			name = Debug;
		};
		CB7FD5AF1AFA201E0044D1A2 /* Release */ = {
			isa = XCBuildConfiguration;
			buildSettings = {
				PRODUCT_NAME = "$(TARGET_NAME)";
			};
			name = Release;
		};
/* End XCBuildConfiguration section */

/* Begin XCConfigurationList section */
		CB7FD5A11AFA201E0044D1A2 /* Build configuration list for PBXProject "BloomFilter" */ = {
			isa = XCConfigurationList;
			buildConfigurations = (
				CB7FD5AB1AFA201E0044D1A2 /* Debug */,
				CB7FD5AC1AFA201E0044D1A2 /* Release */,
			);
			defaultConfigurationIsVisible = 0;
			defaultConfigurationName = Release;
		};
		CB7FD5AD1AFA201E0044D1A2 /* Build configuration list for PBXNativeTarget "BloomFilter" */ = {
			isa = XCConfigurationList;
			buildConfigurations = (
				CB7FD5AE1AFA201E0044D1A2 /* Debug */,
				CB7FD5AF1AFA201E0044D1A2 /* Release */,
			);
			defaultConfigurationIsVisible = 0;
		};
/* End XCConfigurationList section */
	};
	rootObject = CB7FD59E1AFA201E0044D1A2 /* Project object */;
}
